
Microsoft Visual Studio Solution File, Format Version 12.00
# Visual Studio Version 16
VisualStudioVersion = 16.0.30104.148
MinimumVisualStudioVersion = 15.0.26124.0
Project("{2150E333-8FDC-42A3-9474-1A3956D46DE8}") = "Solution Items", "Solution Items", "{72602AAD-0405-4404-B332-88DDD0D9F60D}"
	ProjectSection(SolutionItems) = preProject
		.editorconfig = .editorconfig
		.gitignore = .gitignore
		.github\workflows\ci.yml = .github\workflows\ci.yml
		src\Directory.Build.props = src\Directory.Build.props
		test\Directory.Build.props = test\Directory.Build.props
		LICENSE.txt = LICENSE.txt
		README.md = README.md
		.github\workflows\release.yml = .github\workflows\release.yml
	EndProjectSection
EndProject
Project("{9A19103F-16F7-4668-BE54-9A1E7A4F7556}") = "TaskTupleAwaiter", "src\TaskTupleAwaiter\TaskTupleAwaiter.csproj", "{D406BDDD-6965-4CB2-955E-95C6D0359A40}"
EndProject
Project("{9A19103F-16F7-4668-BE54-9A1E7A4F7556}") = "TaskTupleAwaiter.Tests", "test\TaskTupleAwaiter.Tests\TaskTupleAwaiter.Tests.csproj", "{9081C09E-0BB3-4B33-9AFF-6E9B7C39C382}"
EndProject
Global
	GlobalSection(SolutionConfigurationPlatforms) = preSolution
		Debug|Any CPU = Debug|Any CPU
		Release|Any CPU = Release|Any CPU
	EndGlobalSection
	GlobalSection(ProjectConfigurationPlatforms) = postSolution
		{D406BDDD-6965-4CB2-955E-95C6D0359A40}.Debug|Any CPU.ActiveCfg = Debug|Any CPU
		{D406BDDD-6965-4CB2-955E-95C6D0359A40}.Debug|Any CPU.Build.0 = Debug|Any CPU
		{D406BDDD-6965-4CB2-955E-95C6D0359A40}.Release|Any CPU.ActiveCfg = Release|Any CPU
		{D406BDDD-6965-4CB2-955E-95C6D0359A40}.Release|Any CPU.Build.0 = Release|Any CPU
		{9081C09E-0BB3-4B33-9AFF-6E9B7C39C382}.Debug|Any CPU.ActiveCfg = Debug|Any CPU
		{9081C09E-0BB3-4B33-9AFF-6E9B7C39C382}.Debug|Any CPU.Build.0 = Debug|Any CPU
		{9081C09E-0BB3-4B33-9AFF-6E9B7C39C382}.Release|Any CPU.ActiveCfg = Release|Any CPU
	EndGlobalSection
	GlobalSection(SolutionProperties) = preSolution
		HideSolutionNode = FALSE
	EndGlobalSection
	GlobalSection(ExtensibilityGlobals) = postSolution
		SolutionGuid = {EBDD5179-F11E-49C0-AD39-392E3F57803A}
	EndGlobalSection
EndGlobal
