
Microsoft Visual Studio Solution File, Format Version 12.00
# Visual Studio 15
VisualStudioVersion = 15.0.28307.168
MinimumVisualStudioVersion = 10.0.40219.1
Project("{FAE04EC0-301F-11D3-BF4B-00C04F79EFBC}") = "Generator.CLI", "Generator.CLI\Generator.CLI.csproj", "{B58761AA-0D7F-4694-AE74-740B038459AC}"
EndProject
Global
	GlobalSection(SolutionConfigurationPlatforms) = preSolution
		Debug|Any CPU = Debug|Any CPU
		Release|Any CPU = Release|Any CPU
	EndGlobalSection
	GlobalSection(ProjectConfigurationPlatforms) = postSolution
		{B58761AA-0D7F-4694-AE74-740B038459AC}.Debug|Any CPU.ActiveCfg = Debug|Any CPU
		{B58761AA-0D7F-4694-AE74-740B038459AC}.Debug|Any CPU.Build.0 = Debug|Any CPU
		{B58761AA-0D7F-4694-AE74-740B038459AC}.Release|Any CPU.ActiveCfg = Release|Any CPU
		{B58761AA-0D7F-4694-AE74-740B038459AC}.Release|Any CPU.Build.0 = Release|Any CPU
	EndGlobalSection
	GlobalSection(SolutionProperties) = preSolution
		HideSolutionNode = FALSE
	EndGlobalSection
	GlobalSection(ExtensibilityGlobals) = postSolution
		SolutionGuid = {5B64C705-618D-42FB-8374-6C49232C898B}
	EndGlobalSection
EndGlobal
